{
  "name": "ai-project",
  "version": "1.0.0",
  "lockfileVersion": 1,
  "requires": true,
  "dependencies": {
    "@jimp/bmp": {
      "version": "0.22.8",
      "resolved": "https://registry.npmjs.org/@jimp/bmp/-/bmp-0.22.8.tgz",
      "integrity": "sha512-JEMKgM1AEvvWfn9ZCHn62nK+QCE3Pb/ZhPdL3NF0ZgKNww6pqOmo6KqXzqY18JLB7c0epuTp4GPDPDhOh/ou1g==",
      "requires": {
        "@jimp/utils": "^0.22.8",
        "bmp-js": "^0.1.0"
      }
    },
    "@jimp/core": {
      "version": "0.22.8",
      "resolved": "https://registry.npmjs.org/@jimp/core/-/core-0.22.8.tgz",
      "integrity": "sha512-vkN28aFikzQieA6bGxN+qe20pseCAemCyUI0YmRkJIArlb6OujtAwWAKyokv2lylV56bq8EQGIz+Y30OXUnRqg==",
      "requires": {
        "@jimp/utils": "^0.22.8",
        "any-base": "^1.1.0",
        "buffer": "^5.2.0",
        "exif-parser": "^0.1.12",
        "file-type": "^16.5.4",
        "isomorphic-fetch": "^3.0.0",
        "mkdirp": "^2.1.3",
        "pixelmatch": "^4.0.2",
        "tinycolor2": "^1.6.0"
      }
    },
    "@jimp/custom": {
      "version": "0.22.8",
      "resolved": "https://registry.npmjs.org/@jimp/custom/-/custom-0.22.8.tgz",
      "integrity": "sha512-u6lP9x/HNeGHB0Oojv4c2mhuDvn7G0ikzYbK4IKLsH4HzHxt62faMjBzQMcFhKJhR6UiiKE/jiHrhGvBT/fMkw==",
      "requires": {
        "@jimp/core": "^0.22.8"
      }
    },
    "@jimp/gif": {
      "version": "0.22.8",
      "resolved": "https://registry.npmjs.org/@jimp/gif/-/gif-0.22.8.tgz",
      "integrity": "sha512-I0l6koS67IPU40RPxCJTD1NvePEd8vUIHTejx1ly0jrjGnumbqdarAlBUkDrKfPPc+Fnqp84hBbSN1w5hNPT6w==",
      "requires": {
        "@jimp/utils": "^0.22.8",
        "gifwrap": "^0.9.2",
        "omggif": "^1.0.9"
      }
    },
    "@jimp/jpeg": {
      "version": "0.22.8",
      "resolved": "https://registry.npmjs.org/@jimp/jpeg/-/jpeg-0.22.8.tgz",
      "integrity": "sha512-hLXrQ7/0QiUhAVAF10dfGCSq3hvyqjKltlpu/87b3wqMDKe9KdvhX1AJHiUUrAbJv1fAcnOmQGTyXGuySa1D6A==",
      "requires": {
        "@jimp/utils": "^0.22.8",
        "jpeg-js": "^0.4.4"
      }
    },
    "@jimp/plugin-blit": {
      "version": "0.22.8",
      "resolved": "https://registry.npmjs.org/@jimp/plugin-blit/-/plugin-blit-0.22.8.tgz",
      "integrity": "sha512-rQ19txVCKIwo74HtgFodFt4//0ATPCJK+f24riqzb+nx+1JaOo1xRvpJqg4moirHwKR2fhwdDxmY7KX20kCeYA==",
      "requires": {
        "@jimp/utils": "^0.22.8"
      }
    },
    "@jimp/plugin-blur": {
      "version": "0.22.8",
      "resolved": "https://registry.npmjs.org/@jimp/plugin-blur/-/plugin-blur-0.22.8.tgz",
      "integrity": "sha512-GWbNK3YW6k2EKiGJdpAFEr0jezPBtiVxj2wG/lCPuWJz7KmzSSN99hQjIy73xQxoBCRdALfJlkhe3leFNRueSQ==",
      "requires": {
        "@jimp/utils": "^0.22.8"
      }
    },
    "@jimp/plugin-circle": {
      "version": "0.22.8",
      "resolved": "https://registry.npmjs.org/@jimp/plugin-circle/-/plugin-circle-0.22.8.tgz",
      "integrity": "sha512-qPCw8XFW8opT89ciFDuvs+eB3EB1mZIJWVajD2qAlprHiE7YGr34TkM7N5MNr3qZ1pJgkYdW6+HbBrJwBaonqw==",
      "requires": {
        "@jimp/utils": "^0.22.8"
      }
    },
    "@jimp/plugin-color": {
      "version": "0.22.8",
      "resolved": "https://registry.npmjs.org/@jimp/plugin-color/-/plugin-color-0.22.8.tgz",
      "integrity": "sha512-ogkbg6rpDVH/mMLgAQKg17z3oZE0VN7ZWxNoH12fUHchqKz1I57zpa65fxZe2I8T5Xz97HR3x+7V7oI8qQGdSA==",
      "requires": {
        "@jimp/utils": "^0.22.8",
        "tinycolor2": "^1.6.0"
      }
    },
    "@jimp/plugin-contain": {
      "version": "0.22.8",
      "resolved": "https://registry.npmjs.org/@jimp/plugin-contain/-/plugin-contain-0.22.8.tgz",
      "integrity": "sha512-oiaPLdJt9Dk+XEEhM/OU3lFemM51mA9NgMCAdburSCjDzKacJYBGFSHjTOhXzcxOie/ZDpOYN/UzFGKy8Dgl9A==",
      "requires": {
        "@jimp/utils": "^0.22.8"
      }
    },
    "@jimp/plugin-cover": {
      "version": "0.22.8",
      "resolved": "https://registry.npmjs.org/@jimp/plugin-cover/-/plugin-cover-0.22.8.tgz",
      "integrity": "sha512-mO68w1m/LhfuHU8LKHY05a4/hhWnY4t+T+8JCw9t+5yfzA4+LofBZZKtFtWgwf/QGe1y3X2rtUU/avAzDUKyyA==",
      "requires": {
        "@jimp/utils": "^0.22.8"
      }
    },
    "@jimp/plugin-crop": {
      "version": "0.22.8",
      "resolved": "https://registry.npmjs.org/@jimp/plugin-crop/-/plugin-crop-0.22.8.tgz",
      "integrity": "sha512-ns4oH0h0gezYsbuH8RThcMLY5uTLk/vnqOVjWCehMHEzxi0DHMWCmpcb6bC//vJ+XFNhtVGn1ALN7+ROmPrj+A==",
      "requires": {
        "@jimp/utils": "^0.22.8"
      }
    },
    "@jimp/plugin-displace": {
      "version": "0.22.8",
      "resolved": "https://registry.npmjs.org/@jimp/plugin-displace/-/plugin-displace-0.22.8.tgz",
      "integrity": "sha512-Cj8nHYgsdFynOIx3dbbiVwRuZn3xO+RVfwkTRy0JBye+K2AU8SQJS+hSFNMQFTZt5djivh6kh0TzvR/6LkOd1w==",
      "requires": {
        "@jimp/utils": "^0.22.8"
      }
    },
    "@jimp/plugin-dither": {
      "version": "0.22.8",
      "resolved": "https://registry.npmjs.org/@jimp/plugin-dither/-/plugin-dither-0.22.8.tgz",
      "integrity": "sha512-oE0Us/6bEgrgEg56plU3jSBzvB9iGhweKUHmxYMWnQbFCHP4mNCtPAs8+Fmq6c+m98ZgBgRcrJTnC7lphHkGyw==",
      "requires": {
        "@jimp/utils": "^0.22.8"
      }
    },
    "@jimp/plugin-fisheye": {
      "version": "0.22.8",
      "resolved": "https://registry.npmjs.org/@jimp/plugin-fisheye/-/plugin-fisheye-0.22.8.tgz",
      "integrity": "sha512-bWvYY/nfMcKclWEaRyAir+YsT6C5St823HUQAsewZowTrJmme+w4U2a6InsryTHUL01BBcV5BLH0aDHuV3StvA==",
      "requires": {
        "@jimp/utils": "^0.22.8"
      }
    },
    "@jimp/plugin-flip": {
      "version": "0.22.8",
      "resolved": "https://registry.npmjs.org/@jimp/plugin-flip/-/plugin-flip-0.22.8.tgz",
      "integrity": "sha512-0NFTNzjsdmOQkaIkNjZqO3/yU4SQb9nnWQXsLS1fFo+9QrIL5v8vVkXpk/rhiND6PyTj2mMTNjOa76GuZcC+iQ==",
      "requires": {
        "@jimp/utils": "^0.22.8"
      }
    },
    "@jimp/plugin-gaussian": {
      "version": "0.22.8",
      "resolved": "https://registry.npmjs.org/@jimp/plugin-gaussian/-/plugin-gaussian-0.22.8.tgz",
      "integrity": "sha512-E/f14aLzCS50QAM7K+InI9V61KVy/Zx52vy7Jjfo1h7qKhQHss3PYaydaH0N6qlXRNeXgh+4/32P9JfieLMcdw==",
      "requires": {
        "@jimp/utils": "^0.22.8"
      }
    },
    "@jimp/plugin-invert": {
      "version": "0.22.8",
      "resolved": "https://registry.npmjs.org/@jimp/plugin-invert/-/plugin-invert-0.22.8.tgz",
      "integrity": "sha512-UauP39FF2cwbA5VU+Tz9VlNa9rtULPSHZb0Huwcjqjm9/G/xVN69VJ8+RKiFC4zM1/kYAUp/6IRwPa6qdKJpSw==",
      "requires": {
        "@jimp/utils": "^0.22.8"
      }
    },
    "@jimp/plugin-mask": {
      "version": "0.22.8",
      "resolved": "https://registry.npmjs.org/@jimp/plugin-mask/-/plugin-mask-0.22.8.tgz",
      "integrity": "sha512-bhg5+3i8x1CmYj6cjvPBQZLwZEI3iK3gJWF25ZHF+12d3cqDuJngtr8oRQOQLlAgvKmrj9FXIiEPDczUI9cnWQ==",
      "requires": {
        "@jimp/utils": "^0.22.8"
      }
    },
    "@jimp/plugin-normalize": {
      "version": "0.22.8",
      "resolved": "https://registry.npmjs.org/@jimp/plugin-normalize/-/plugin-normalize-0.22.8.tgz",
      "integrity": "sha512-Yg5nreAR1JYuSObu3ExlgaLxVeW6VvjVL5qFwiPFxSNlG8JIwL1Ir3K3ChSnnvymyZvJMHb6YKTYNfXKw5Da6g==",
      "requires": {
        "@jimp/utils": "^0.22.8"
      }
    },
    "@jimp/plugin-print": {
      "version": "0.22.8",
      "resolved": "https://registry.npmjs.org/@jimp/plugin-print/-/plugin-print-0.22.8.tgz",
      "integrity": "sha512-86O5ejCDi543IYl0TykSmNWErzAjEYhiAxNQb2F7rFRT38WJYNVsvJ6QhxhDQHKxSmF5iwmqbk0jYk5Wp2Z1kw==",
      "requires": {
        "@jimp/utils": "^0.22.8",
        "load-bmfont": "^1.4.1"
      }
    },
    "@jimp/plugin-resize": {
      "version": "0.22.8",
      "resolved": "https://registry.npmjs.org/@jimp/plugin-resize/-/plugin-resize-0.22.8.tgz",
      "integrity": "sha512-kg8ArQRPqv/iU3DWNXCa8kcVIhoq64Ze0aGCAeFLKlAq/59f5pzAci6m6vV4L/uOVdYmUa9/kYwIFY6RWKpfzQ==",
      "requires": {
        "@jimp/utils": "^0.22.8"
      }
    },
    "@jimp/plugin-rotate": {
      "version": "0.22.8",
      "resolved": "https://registry.npmjs.org/@jimp/plugin-rotate/-/plugin-rotate-0.22.8.tgz",
      "integrity": "sha512-9a+VPZWMN/Cks76wf8LjM5RVA3ntP9+NAdsS1SZhhXel7U3Re/dWMouIEbo3QTt6K+igRo4txUCdZiw4ZucvkQ==",
      "requires": {
        "@jimp/utils": "^0.22.8"
      }
    },
    "@jimp/plugin-scale": {
      "version": "0.22.8",
      "resolved": "https://registry.npmjs.org/@jimp/plugin-scale/-/plugin-scale-0.22.8.tgz",
      "integrity": "sha512-dQS4pG6DX6endu8zUpvBBOEtGC+ljDDDNw0scSXY71TxyQdNo5Ro0apfsppjmuAr8rNotRkfyxbITKkXQDRUDQ==",
      "requires": {
        "@jimp/utils": "^0.22.8"
      }
    },
    "@jimp/plugin-shadow": {
      "version": "0.22.8",
      "resolved": "https://registry.npmjs.org/@jimp/plugin-shadow/-/plugin-shadow-0.22.8.tgz",
      "integrity": "sha512-HyAhr7OblTQh+BoKHQg4qbS9MweNlH77yfpBqUEyDtfyjI5r06+5chf1ZdLRIPEWv/BdCfdI/g81Wv69muCMwA==",
      "requires": {
        "@jimp/utils": "^0.22.8"
      }
    },
    "@jimp/plugin-threshold": {
      "version": "0.22.8",
      "resolved": "https://registry.npmjs.org/@jimp/plugin-threshold/-/plugin-threshold-0.22.8.tgz",
      "integrity": "sha512-ZmkfH0PtjvF1UcKsjw0H7V6r+LC0yKzEfg76Jhs2nIqIgsxsSOVfHwS7z0/1IWnyXxSw36m+NjCAotNHRILGmA==",
      "requires": {
        "@jimp/utils": "^0.22.8"
      }
    },
    "@jimp/plugins": {
      "version": "0.22.8",
      "resolved": "https://registry.npmjs.org/@jimp/plugins/-/plugins-0.22.8.tgz",
      "integrity": "sha512-ieI2+kCpmIfjwVlT7B67ULCzxMizfj7LspJh9HnIZCDXQB9GBOZ9KImLYc75Krae0dP/3FR7FglLiSI7fkOHbw==",
      "requires": {
        "@jimp/plugin-blit": "^0.22.8",
        "@jimp/plugin-blur": "^0.22.8",
        "@jimp/plugin-circle": "^0.22.8",
        "@jimp/plugin-color": "^0.22.8",
        "@jimp/plugin-contain": "^0.22.8",
        "@jimp/plugin-cover": "^0.22.8",
        "@jimp/plugin-crop": "^0.22.8",
        "@jimp/plugin-displace": "^0.22.8",
        "@jimp/plugin-dither": "^0.22.8",
        "@jimp/plugin-fisheye": "^0.22.8",
        "@jimp/plugin-flip": "^0.22.8",
        "@jimp/plugin-gaussian": "^0.22.8",
        "@jimp/plugin-invert": "^0.22.8",
        "@jimp/plugin-mask": "^0.22.8",
        "@jimp/plugin-normalize": "^0.22.8",
        "@jimp/plugin-print": "^0.22.8",
        "@jimp/plugin-resize": "^0.22.8",
        "@jimp/plugin-rotate": "^0.22.8",
        "@jimp/plugin-scale": "^0.22.8",
        "@jimp/plugin-shadow": "^0.22.8",
        "@jimp/plugin-threshold": "^0.22.8",
        "timm": "^1.6.1"
      }
    },
    "@jimp/png": {
      "version": "0.22.8",
      "resolved": "https://registry.npmjs.org/@jimp/png/-/png-0.22.8.tgz",
      "integrity": "sha512-XOj11kcCr8zKg24QSwlRfH9k4hbV6rkMGUVxMS3puRzzB0FBSQy42NBYEfYf2XlY2QJSAByPl4AYerOtKb805w==",
      "requires": {
        "@jimp/utils": "^0.22.8",
        "pngjs": "^6.0.0"
      },
      "dependencies": {
        "pngjs": {
          "version": "6.0.0",
          "resolved": "https://registry.npmjs.org/pngjs/-/pngjs-6.0.0.tgz",
          "integrity": "sha512-TRzzuFRRmEoSW/p1KVAmiOgPco2Irlah+bGFCeNfJXxxYGwSw7YwAOAcd7X28K/m5bjBWKsC29KyoMfHbypayg=="
        }
      }
    },
    "@jimp/tiff": {
      "version": "0.22.8",
      "resolved": "https://registry.npmjs.org/@jimp/tiff/-/tiff-0.22.8.tgz",
      "integrity": "sha512-K0hYUVW5MLgwq3jiHVHa6LvP05J1rXOlRCC+5dMTUnAXVwi45+MKsqA/8lzzwhHYJ65CNhZwy6D3+ZNzM9SIBQ==",
      "requires": {
        "utif2": "^4.0.1"
      }
    },
    "@jimp/types": {
      "version": "0.22.8",
      "resolved": "https://registry.npmjs.org/@jimp/types/-/types-0.22.8.tgz",
      "integrity": "sha512-9+xc+mzuYwu0i+6dsnhXiUgfcS+Ktqn5q2jczoKyyBT0cOKgsk+57EIeFLgpTfVGRKRR0y/UIdHByeCzGguF3A==",
      "requires": {
        "@jimp/bmp": "^0.22.8",
        "@jimp/gif": "^0.22.8",
        "@jimp/jpeg": "^0.22.8",
        "@jimp/png": "^0.22.8",
        "@jimp/tiff": "^0.22.8",
        "timm": "^1.6.1"
      }
    },
    "@jimp/utils": {
      "version": "0.22.8",
      "resolved": "https://registry.npmjs.org/@jimp/utils/-/utils-0.22.8.tgz",
      "integrity": "sha512-AaqjfqDeLzSFzrbGRKHMXg/ntiWKvoG9tpVgWzgOx5/gPWj/IyGfztojLTTvY8HqZCr25z8z91u2lAQD2v46Jw==",
      "requires": {
        "regenerator-runtime": "^0.13.3"
      }
    },
    "@tokenizer/token": {
      "version": "0.3.0",
      "resolved": "https://registry.npmjs.org/@tokenizer/token/-/token-0.3.0.tgz",
      "integrity": "sha512-OvjF+z51L3ov0OyAU0duzsYuvO01PH7x4t6DJx+guahgTnBHkhJdG7soQeTSFLWN3efnHyibZ4Z8l2EuWwJN3A=="
    },
    "@types/mime-types": {
      "version": "2.1.0",
      "resolved": "https://registry.npmjs.org/@types/mime-types/-/mime-types-2.1.0.tgz",
      "integrity": "sha1-nKUs2jY/aZxpRmwqbM2q2RPqenM="
    },
    "@types/node": {
      "version": "13.13.4",
      "resolved": "https://registry.npmjs.org/@types/node/-/node-13.13.4.tgz",
      "integrity": "sha512-x26ur3dSXgv5AwKS0lNfbjpCakGIduWU1DU91Zz58ONRWrIKGunmZBNv4P7N+e27sJkiGDsw/3fT4AtsqQBrBA==",
      "optional": true
    },
    "@types/yauzl": {
      "version": "2.9.1",
      "resolved": "https://registry.npmjs.org/@types/yauzl/-/yauzl-2.9.1.tgz",
      "integrity": "sha512-A1b8SU4D10uoPjwb0lnHmmu8wZhR9d+9o2PKBQT2jU5YPTKsxac6M2qGAdY7VcL+dHHhARVUDmeg0rOrcd9EjA==",
      "optional": true,
      "requires": {
        "@types/node": "*"
      }
    },
    "agent-base": {
      "version": "5.1.1",
      "resolved": "https://registry.npmjs.org/agent-base/-/agent-base-5.1.1.tgz",
      "integrity": "sha512-TMeqbNl2fMW0nMjTEPOwe3J/PRFP4vqeoNuQMG0HlMrtm5QxKqdvAkZ1pRBQ/ulIyDD5Yq0nJ7YbdD8ey0TO3g=="
    },
    "any-base": {
      "version": "1.1.0",
      "resolved": "https://registry.npmjs.org/any-base/-/any-base-1.1.0.tgz",
      "integrity": "sha512-uMgjozySS8adZZYePpaWs8cxB9/kdzmpX6SgJZ+wbz1K5eYk5QMYDVJaZKhxyIHUdnnJkfR7SVgStgH7LkGUyg=="
    },
    "anymatch": {
      "version": "3.1.1",
      "resolved": "https://registry.npmjs.org/anymatch/-/anymatch-3.1.1.tgz",
      "integrity": "sha512-mM8522psRCqzV+6LhomX5wgp25YVibjh8Wj23I5RPkPppSVSjyKD2A2mBJmWGa+KN7f2D6LNh9jkBCeyLktzjg==",
      "requires": {
        "normalize-path": "^3.0.0",
        "picomatch": "^2.0.4"
      }
    },
    "balanced-match": {
      "version": "1.0.0",
      "resolved": "https://registry.npmjs.org/balanced-match/-/balanced-match-1.0.0.tgz",
      "integrity": "sha1-ibTRmasr7kneFk6gK4nORi1xt2c="
    },
    "base64-js": {
      "version": "1.3.1",
      "resolved": "https://registry.npmjs.org/base64-js/-/base64-js-1.3.1.tgz",
      "integrity": "sha512-mLQ4i2QO1ytvGWFWmcngKO//JXAQueZvwEKtjgQFM4jIK0kU+ytMfplL8j+n5mspOfjHwoAg+9yhb7BwAHm36g=="
    },
    "binary-extensions": {
      "version": "2.0.0",
      "resolved": "https://registry.npmjs.org/binary-extensions/-/binary-extensions-2.0.0.tgz",
      "integrity": "sha512-Phlt0plgpIIBOGTT/ehfFnbNlfsDEiqmzE2KRXoX1bLIlir4X/MR+zSyBEkL05ffWgnRSf/DXv+WrUAVr93/ow=="
    },
    "bl": {
      "version": "4.0.3",
      "resolved": "https://registry.npmjs.org/bl/-/bl-4.0.3.tgz",
      "integrity": "sha512-fs4G6/Hu4/EE+F75J8DuN/0IpQqNjAdC7aEQv7Qt8MHGUH7Ckv2MwTEEeN9QehD0pfIDkMI1bkHYkKy7xHyKIg==",
      "requires": {
        "buffer": "^5.5.0",
        "inherits": "^2.0.4",
        "readable-stream": "^3.4.0"
      }
    },
    "bmp-js": {
      "version": "0.1.0",
      "resolved": "https://registry.npmjs.org/bmp-js/-/bmp-js-0.1.0.tgz",
      "integrity": "sha512-vHdS19CnY3hwiNdkaqk93DvjVLfbEcI8mys4UjuWrlX1haDmroo8o4xCzh4wD6DGV6HxRCyauwhHRqMTfERtjw=="
    },
    "brace-expansion": {
      "version": "1.1.11",
      "resolved": "https://registry.npmjs.org/brace-expansion/-/brace-expansion-1.1.11.tgz",
      "integrity": "sha512-iCuPHDFgrHX7H2vEI/5xpz07zSHB00TpugqhmYtVmMO6518mCuRMoOYFldEBl0g187ufozdaHgWKcYFb61qGiA==",
      "requires": {
        "balanced-match": "^1.0.0",
        "concat-map": "0.0.1"
      }
    },
    "braces": {
      "version": "3.0.2",
      "resolved": "https://registry.npmjs.org/braces/-/braces-3.0.2.tgz",
      "integrity": "sha512-b8um+L1RzM3WDSzvhm6gIz1yfTbBt6YTlcEKAvsmqCZZFw46z626lVj9j1yEPW33H5H+lBQpZMP1k8l+78Ha0A==",
      "requires": {
        "fill-range": "^7.0.1"
      }
    },
    "buffer": {
      "version": "5.6.0",
      "resolved": "https://registry.npmjs.org/buffer/-/buffer-5.6.0.tgz",
      "integrity": "sha512-/gDYp/UtU0eA1ys8bOs9J6a+E/KWIY+DZ+Q2WESNUA0jFRsJOc0SNUO6xJ5SGA1xueg3NL65W6s+NY5l9cunuw==",
      "requires": {
        "base64-js": "^1.0.2",
        "ieee754": "^1.1.4"
      }
    },
    "buffer-crc32": {
      "version": "0.2.13",
      "resolved": "https://registry.npmjs.org/buffer-crc32/-/buffer-crc32-0.2.13.tgz",
      "integrity": "sha1-DTM+PwDqxQqhRUq9MO+MKl2ackI="
    },
    "buffer-equal": {
      "version": "0.0.1",
      "resolved": "https://registry.npmjs.org/buffer-equal/-/buffer-equal-0.0.1.tgz",
      "integrity": "sha512-RgSV6InVQ9ODPdLWJ5UAqBqJBOg370Nz6ZQtRzpt6nUjc8v0St97uJ4PYC6NztqIScrAXafKM3mZPMygSe1ggA=="
    },
    "chokidar": {
      "version": "3.4.0",
      "resolved": "https://registry.npmjs.org/chokidar/-/chokidar-3.4.0.tgz",
      "integrity": "sha512-aXAaho2VJtisB/1fg1+3nlLJqGOuewTzQpd/Tz0yTg2R0e4IGtshYvtjowyEumcBv2z+y4+kc75Mz7j5xJskcQ==",
      "requires": {
        "anymatch": "~3.1.1",
        "braces": "~3.0.2",
        "fsevents": "~2.1.2",
        "glob-parent": "~5.1.0",
        "is-binary-path": "~2.1.0",
        "is-glob": "~4.0.1",
        "normalize-path": "~3.0.0",
        "readdirp": "~3.4.0"
      }
    },
    "chownr": {
      "version": "1.1.4",
      "resolved": "https://registry.npmjs.org/chownr/-/chownr-1.1.4.tgz",
      "integrity": "sha512-jJ0bqzaylmJtVnNgzTeSOs8DPavpbYgEr/b0YL8/2GO3xJEhInFmhKMUnEJQjZumK7KXGFhUy89PrsJWlakBVg=="
    },
    "concat-map": {
      "version": "0.0.1",
      "resolved": "https://registry.npmjs.org/concat-map/-/concat-map-0.0.1.tgz",
      "integrity": "sha1-2Klr13/Wjfd5OnMDajug1UBdR3s="
    },
    "debug": {
      "version": "4.1.1",
      "resolved": "https://registry.npmjs.org/debug/-/debug-4.1.1.tgz",
      "integrity": "sha512-pYAIzeRo8J6KPEaJ0VWOh5Pzkbw/RetuzehGM7QRRX5he4fPHx2rdKMB256ehJCkX+XRQm16eZLqLNS8RSZXZw==",
      "requires": {
        "ms": "^2.1.1"
      }
    },
    "dom-walk": {
      "version": "0.1.2",
      "resolved": "https://registry.npmjs.org/dom-walk/-/dom-walk-0.1.2.tgz",
      "integrity": "sha512-6QvTW9mrGeIegrFXdtQi9pk7O/nSK6lSdXW2eqUspN5LWD7UTji2Fqw5V2YLjBpHEoU9Xl/eUWNpDeZvoyOv2w=="
    },
    "end-of-stream": {
      "version": "1.4.4",
      "resolved": "https://registry.npmjs.org/end-of-stream/-/end-of-stream-1.4.4.tgz",
      "integrity": "sha512-+uw1inIHVPQoaVuHzRyXd21icM+cnt4CzD5rW+NC1wjOUSTOs+Te7FOv7AhN7vS9x/oIyhLP5PR1H+phQAHu5Q==",
      "requires": {
        "once": "^1.4.0"
      }
    },
    "exif-parser": {
      "version": "0.1.12",
      "resolved": "https://registry.npmjs.org/exif-parser/-/exif-parser-0.1.12.tgz",
      "integrity": "sha512-c2bQfLNbMzLPmzQuOr8fy0csy84WmwnER81W88DzTp9CYNPJ6yzOj2EZAh9pywYpqHnshVLHQJ8WzldAyfY+Iw=="
    },
    "extract-zip": {
      "version": "2.0.0",
      "resolved": "https://registry.npmjs.org/extract-zip/-/extract-zip-2.0.0.tgz",
      "integrity": "sha512-i42GQ498yibjdvIhivUsRslx608whtGoFIhF26Z7O4MYncBxp8CwalOs1lnHy21A9sIohWO2+uiE4SRtC9JXDg==",
      "requires": {
        "@types/yauzl": "^2.9.1",
        "debug": "^4.1.1",
        "get-stream": "^5.1.0",
        "yauzl": "^2.10.0"
      }
    },
    "fd-slicer": {
      "version": "1.1.0",
      "resolved": "https://registry.npmjs.org/fd-slicer/-/fd-slicer-1.1.0.tgz",
      "integrity": "sha1-JcfInLH5B3+IkbvmHY85Dq4lbx4=",
      "requires": {
        "pend": "~1.2.0"
      }
    },
    "file-type": {
      "version": "16.5.4",
      "resolved": "https://registry.npmjs.org/file-type/-/file-type-16.5.4.tgz",
      "integrity": "sha512-/yFHK0aGjFEgDJjEKP0pWCplsPFPhwyfwevf/pVxiN0tmE4L9LmwWxWukdJSHdoCli4VgQLehjJtwQBnqmsKcw==",
      "requires": {
        "readable-web-to-node-stream": "^3.0.0",
        "strtok3": "^6.2.4",
        "token-types": "^4.1.1"
      }
    },
    "fill-range": {
      "version": "7.0.1",
      "resolved": "https://registry.npmjs.org/fill-range/-/fill-range-7.0.1.tgz",
      "integrity": "sha512-qOo9F+dMUmC2Lcb4BbVvnKJxTPjCm+RRpe4gDuGrzkL7mEVl/djYSu2OdQ2Pa302N4oqkSg9ir6jaLWJ2USVpQ==",
      "requires": {
        "to-regex-range": "^5.0.1"
      }
    },
    "fs-constants": {
      "version": "1.0.0",
      "resolved": "https://registry.npmjs.org/fs-constants/-/fs-constants-1.0.0.tgz",
      "integrity": "sha512-y6OAwoSIf7FyjMIv94u+b5rdheZEjzR63GTyZJm5qh4Bi+2YgwLCcI/fPFZkL5PSixOt6ZNKm+w+Hfp/Bciwow=="
    },
    "fs.realpath": {
      "version": "1.0.0",
      "resolved": "https://registry.npmjs.org/fs.realpath/-/fs.realpath-1.0.0.tgz",
      "integrity": "sha1-FQStJSMVjKpA20onh8sBQRmU6k8="
    },
    "fsevents": {
      "version": "2.1.3",
      "resolved": "https://registry.npmjs.org/fsevents/-/fsevents-2.1.3.tgz",
      "integrity": "sha512-Auw9a4AxqWpa9GUfj370BMPzzyncfBABW8Mab7BGWBYDj4Isgq+cDKtx0i6u9jcX9pQDnswsaaOTgTmA5pEjuQ==",
      "optional": true
    },
    "get-stream": {
      "version": "5.1.0",
      "resolved": "https://registry.npmjs.org/get-stream/-/get-stream-5.1.0.tgz",
      "integrity": "sha512-EXr1FOzrzTfGeL0gQdeFEvOMm2mzMOglyiOXSTpPC+iAjAKftbr3jpCMWynogwYnM+eSj9sHGc6wjIcDvYiygw==",
      "requires": {
        "pump": "^3.0.0"
      }
    },
    "gifwrap": {
      "version": "0.9.4",
      "resolved": "https://registry.npmjs.org/gifwrap/-/gifwrap-0.9.4.tgz",
      "integrity": "sha512-MDMwbhASQuVeD4JKd1fKgNgCRL3fGqMM4WaqpNhWO0JiMOAjbQdumbs4BbBZEy9/M00EHEjKN3HieVhCUlwjeQ==",
      "requires": {
        "image-q": "^4.0.0",
        "omggif": "^1.0.10"
      }
    },
    "glob": {
      "version": "7.1.6",
      "resolved": "https://registry.npmjs.org/glob/-/glob-7.1.6.tgz",
      "integrity": "sha512-LwaxwyZ72Lk7vZINtNNrywX0ZuLyStrdDtabefZKAY5ZGJhVtgdznluResxNmPitE0SAO+O26sWTHeKSI2wMBA==",
      "requires": {
        "fs.realpath": "^1.0.0",
        "inflight": "^1.0.4",
        "inherits": "2",
        "minimatch": "^3.0.4",
        "once": "^1.3.0",
        "path-is-absolute": "^1.0.0"
      }
    },
    "glob-parent": {
      "version": "5.1.1",
      "resolved": "https://registry.npmjs.org/glob-parent/-/glob-parent-5.1.1.tgz",
      "integrity": "sha512-FnI+VGOpnlGHWZxthPGR+QhR78fuiK0sNLkHQv+bL9fQi57lNNdquIbna/WrfROrolq8GK5Ek6BiMwqL/voRYQ==",
      "requires": {
        "is-glob": "^4.0.1"
      }
    },
    "global": {
      "version": "4.4.0",
      "resolved": "https://registry.npmjs.org/global/-/global-4.4.0.tgz",
      "integrity": "sha512-wv/LAoHdRE3BeTGz53FAamhGlPLhlssK45usmGFThIi4XqnBmjKQ16u+RNbP7WvigRZDxUsM0J3gcQ5yicaL0w==",
      "requires": {
        "min-document": "^2.19.0",
        "process": "^0.11.10"
      }
    },
    "https-proxy-agent": {
      "version": "4.0.0",
      "resolved": "https://registry.npmjs.org/https-proxy-agent/-/https-proxy-agent-4.0.0.tgz",
      "integrity": "sha512-zoDhWrkR3of1l9QAL8/scJZyLu8j/gBkcwcaQOZh7Gyh/+uJQzGVETdgT30akuwkpL8HTRfssqI3BZuV18teDg==",
      "requires": {
        "agent-base": "5",
        "debug": "4"
      }
    },
    "ieee754": {
      "version": "1.1.13",
      "resolved": "https://registry.npmjs.org/ieee754/-/ieee754-1.1.13.tgz",
      "integrity": "sha512-4vf7I2LYV/HaWerSo3XmlMkp5eZ83i+/CDluXi/IGTs/O1sejBNhTtnxzmRZfvOUqj7lZjqHkeTvpgSFDlWZTg=="
    },
    "image-q": {
      "version": "4.0.0",
      "resolved": "https://registry.npmjs.org/image-q/-/image-q-4.0.0.tgz",
      "integrity": "sha512-PfJGVgIfKQJuq3s0tTDOKtztksibuUEbJQIYT3by6wctQo+Rdlh7ef4evJ5NCdxY4CfMbvFkocEwbl4BF8RlJw==",
      "requires": {
        "@types/node": "16.9.1"
      },
      "dependencies": {
        "@types/node": {
          "version": "16.9.1",
          "resolved": "https://registry.npmjs.org/@types/node/-/node-16.9.1.tgz",
          "integrity": "sha512-QpLcX9ZSsq3YYUUnD3nFDY8H7wctAhQj/TFKL8Ya8v5fMm3CFXxo8zStsLAl780ltoYoo1WvKUVGBQK+1ifr7g=="
        }
      }
    },
    "inflight": {
      "version": "1.0.6",
      "resolved": "https://registry.npmjs.org/inflight/-/inflight-1.0.6.tgz",
      "integrity": "sha1-Sb1jMdfQLQwJvJEKEHW6gWW1bfk=",
      "requires": {
        "once": "^1.3.0",
        "wrappy": "1"
      }
    },
    "inherits": {
      "version": "2.0.4",
      "resolved": "https://registry.npmjs.org/inherits/-/inherits-2.0.4.tgz",
      "integrity": "sha512-k/vGaX4/Yla3WzyMCvTQOXYeIHvqOKtnqBduzTHpzpQZzAskKMhZ2K+EnBiSM9zGSoIFeMpXKxa4dYeZIQqewQ=="
    },
    "is-binary-path": {
      "version": "2.1.0",
      "resolved": "https://registry.npmjs.org/is-binary-path/-/is-binary-path-2.1.0.tgz",
      "integrity": "sha512-ZMERYes6pDydyuGidse7OsHxtbI7WVeUEozgR/g7rd0xUimYNlvZRE/K2MgZTjWy725IfelLeVcEM97mmtRGXw==",
      "requires": {
        "binary-extensions": "^2.0.0"
      }
    },
    "is-extglob": {
      "version": "2.1.1",
      "resolved": "https://registry.npmjs.org/is-extglob/-/is-extglob-2.1.1.tgz",
      "integrity": "sha1-qIwCU1eR8C7TfHahueqXc8gz+MI="
    },
    "is-function": {
      "version": "1.0.2",
      "resolved": "https://registry.npmjs.org/is-function/-/is-function-1.0.2.tgz",
      "integrity": "sha512-lw7DUp0aWXYg+CBCN+JKkcE0Q2RayZnSvnZBlwgxHBQhqt5pZNVy4Ri7H9GmmXkdu7LUthszM+Tor1u/2iBcpQ=="
    },
    "is-glob": {
      "version": "4.0.1",
      "resolved": "https://registry.npmjs.org/is-glob/-/is-glob-4.0.1.tgz",
      "integrity": "sha512-5G0tKtBTFImOqDnLB2hG6Bp2qcKEFduo4tZu9MT/H6NQv/ghhy30o55ufafxJ/LdH79LLs2Kfrn85TLKyA7BUg==",
      "requires": {
        "is-extglob": "^2.1.1"
      }
    },
    "is-number": {
      "version": "7.0.0",
      "resolved": "https://registry.npmjs.org/is-number/-/is-number-7.0.0.tgz",
      "integrity": "sha512-41Cifkg6e8TylSpdtTpeLVMqvSBEVzTttHvERD741+pnZ8ANv0004MRL43QKPDlK9cGvNp6NZWZUBlbGXYxxng=="
    },
    "isomorphic-fetch": {
      "version": "3.0.0",
      "resolved": "https://registry.npmjs.org/isomorphic-fetch/-/isomorphic-fetch-3.0.0.tgz",
      "integrity": "sha512-qvUtwJ3j6qwsF3jLxkZ72qCgjMysPzDfeV240JHiGZsANBYd+EEuu35v7dfrJ9Up0Ak07D7GGSkGhCHTqg/5wA==",
      "requires": {
        "node-fetch": "^2.6.1",
        "whatwg-fetch": "^3.4.1"
      }
    },
    "jimp": {
      "version": "0.22.8",
      "resolved": "https://registry.npmjs.org/jimp/-/jimp-0.22.8.tgz",
      "integrity": "sha512-pBbrooJMX7795sDcxx1XpwNZC8B/ITyDV+JK2/1qNbQl/1UWqWeh5Dq7qQpMZl5jLdcFDv5IVTM+OhpafSqSFA==",
      "requires": {
        "@jimp/custom": "^0.22.8",
        "@jimp/plugins": "^0.22.8",
        "@jimp/types": "^0.22.8",
        "regenerator-runtime": "^0.13.3"
      }
    },
    "jpeg-js": {
      "version": "0.4.4",
      "resolved": "https://registry.npmjs.org/jpeg-js/-/jpeg-js-0.4.4.tgz",
      "integrity": "sha512-WZzeDOEtTOBK4Mdsar0IqEU5sMr3vSV2RqkAIzUEV2BHnUfKGyswWFPFwK5EeDo93K3FohSHbLAjj0s1Wzd+dg=="
    },
    "load-bmfont": {
      "version": "1.4.1",
      "resolved": "https://registry.npmjs.org/load-bmfont/-/load-bmfont-1.4.1.tgz",
      "integrity": "sha512-8UyQoYmdRDy81Brz6aLAUhfZLwr5zV0L3taTQ4hju7m6biuwiWiJXjPhBJxbUQJA8PrkvJ/7Enqmwk2sM14soA==",
      "requires": {
        "buffer-equal": "0.0.1",
        "mime": "^1.3.4",
        "parse-bmfont-ascii": "^1.0.3",
        "parse-bmfont-binary": "^1.0.5",
        "parse-bmfont-xml": "^1.1.4",
        "phin": "^2.9.1",
        "xhr": "^2.0.1",
        "xtend": "^4.0.0"
      },
      "dependencies": {
        "mime": {
          "version": "1.6.0",
          "resolved": "https://registry.npmjs.org/mime/-/mime-1.6.0.tgz",
          "integrity": "sha512-x0Vn8spI+wuJ1O6S7gnbaQg8Pxh4NNHb7KSINmEWKiPE4RKOplvijn+NkmYmmRgP68mc70j2EbeTFRsrswaQeg=="
        }
      }
    },
    "mime": {
      "version": "2.4.5",
      "resolved": "https://registry.npmjs.org/mime/-/mime-2.4.5.tgz",
      "integrity": "sha512-3hQhEUF027BuxZjQA3s7rIv/7VCQPa27hN9u9g87sEkWaKwQPuXOkVKtOeiyUrnWqTDiOs8Ed2rwg733mB0R5w=="
    },
    "mime-db": {
      "version": "1.44.0",
      "resolved": "https://registry.npmjs.org/mime-db/-/mime-db-1.44.0.tgz",
      "integrity": "sha512-/NOTfLrsPBVeH7YtFPgsVWveuL+4SjjYxaQ1xtM1KMFj7HdxlBlxeyNLzhyJVx7r4rZGJAZ/6lkKCitSc/Nmpg=="
    },
    "mime-types": {
      "version": "2.1.27",
      "resolved": "https://registry.npmjs.org/mime-types/-/mime-types-2.1.27.tgz",
      "integrity": "sha512-JIhqnCasI9yD+SsmkquHBxTSEuZdQX5BuQnS2Vc7puQQQ+8yiP5AY5uWhpdv4YL4VM5c6iliiYWPgJ/nJQLp7w==",
      "requires": {
        "mime-db": "1.44.0"
      }
    },
    "min-document": {
      "version": "2.19.0",
      "resolved": "https://registry.npmjs.org/min-document/-/min-document-2.19.0.tgz",
      "integrity": "sha512-9Wy1B3m3f66bPPmU5hdA4DR4PB2OfDU/+GS3yAB7IQozE3tqXaVv2zOjgla7MEGSRv95+ILmOuvhLkOK6wJtCQ==",
      "requires": {
        "dom-walk": "^0.1.0"
      }
    },
    "minimatch": {
      "version": "3.0.4",
      "resolved": "https://registry.npmjs.org/minimatch/-/minimatch-3.0.4.tgz",
      "integrity": "sha512-yJHVQEhyqPLUTgt9B83PXu6W3rx4MvvHvSUvToogpwoGDOUQ+yDrR0HRot+yOCdCO7u4hX3pWft6kWBBcqh0UA==",
      "requires": {
        "brace-expansion": "^1.1.7"
      }
    },
    "mkdirp": {
      "version": "2.1.6",
      "resolved": "https://registry.npmjs.org/mkdirp/-/mkdirp-2.1.6.tgz",
      "integrity": "sha512-+hEnITedc8LAtIP9u3HJDFIdcLV2vXP33sqLLIzkv1Db1zO/1OxbvYf0Y1OC/S/Qo5dxHXepofhmxL02PsKe+A=="
    },
    "mkdirp-classic": {
      "version": "0.5.2",
      "resolved": "https://registry.npmjs.org/mkdirp-classic/-/mkdirp-classic-0.5.2.tgz",
      "integrity": "sha512-ejdnDQcR75gwknmMw/tx02AuRs8jCtqFoFqDZMjiNxsu85sRIJVXDKHuLYvUUPRBUtV2FpSZa9bL1BUa3BdR2g=="
    },
    "ms": {
      "version": "2.1.2",
      "resolved": "https://registry.npmjs.org/ms/-/ms-2.1.2.tgz",
      "integrity": "sha512-sGkPx+VjMtmA6MX27oA4FBFELFCZZ4S4XqeGOXCv68tT+jb3vk/RyaKWP0PTKyWtmLSM0b+adUTEvbs1PEaH2w=="
    },
    "node-fetch": {
      "version": "2.6.12",
      "resolved": "https://registry.npmjs.org/node-fetch/-/node-fetch-2.6.12.tgz",
      "integrity": "sha512-C/fGU2E8ToujUivIO0H+tpQ6HWo4eEmchoPIoXtxCrVghxdKq+QOHqEZW7tuP3KlV3bC8FRMO5nMCC7Zm1VP6g==",
      "requires": {
        "whatwg-url": "^5.0.0"
      }
    },
    "normalize-path": {
      "version": "3.0.0",
      "resolved": "https://registry.npmjs.org/normalize-path/-/normalize-path-3.0.0.tgz",
      "integrity": "sha512-6eZs5Ls3WtCisHWp9S2GUy8dqkpGi4BVSz3GaqiE6ezub0512ESztXUwUB6C6IKbQkY2Pnb/mD4WYojCRwcwLA=="
    },
    "omggif": {
      "version": "1.0.10",
      "resolved": "https://registry.npmjs.org/omggif/-/omggif-1.0.10.tgz",
      "integrity": "sha512-LMJTtvgc/nugXj0Vcrrs68Mn2D1r0zf630VNtqtpI1FEO7e+O9FP4gqs9AcnBaSEeoHIPm28u6qgPR0oyEpGSw=="
    },
    "once": {
      "version": "1.4.0",
      "resolved": "https://registry.npmjs.org/once/-/once-1.4.0.tgz",
      "integrity": "sha1-WDsap3WWHUsROsF9nFC6753Xa9E=",
      "requires": {
        "wrappy": "1"
      }
    },
    "pako": {
      "version": "1.0.11",
      "resolved": "https://registry.npmjs.org/pako/-/pako-1.0.11.tgz",
      "integrity": "sha512-4hLB8Py4zZce5s4yd9XzopqwVv/yGNhV1Bl8NTmCq1763HeK2+EwVTv+leGeL13Dnh2wfbqowVPXCIO0z4taYw=="
    },
    "parse-bmfont-ascii": {
      "version": "1.0.6",
      "resolved": "https://registry.npmjs.org/parse-bmfont-ascii/-/parse-bmfont-ascii-1.0.6.tgz",
      "integrity": "sha512-U4RrVsUFCleIOBsIGYOMKjn9PavsGOXxbvYGtMOEfnId0SVNsgehXh1DxUdVPLoxd5mvcEtvmKs2Mmf0Mpa1ZA=="
    },
    "parse-bmfont-binary": {
      "version": "1.0.6",
      "resolved": "https://registry.npmjs.org/parse-bmfont-binary/-/parse-bmfont-binary-1.0.6.tgz",
      "integrity": "sha512-GxmsRea0wdGdYthjuUeWTMWPqm2+FAd4GI8vCvhgJsFnoGhTrLhXDDupwTo7rXVAgaLIGoVHDZS9p/5XbSqeWA=="
    },
    "parse-bmfont-xml": {
      "version": "1.1.4",
      "resolved": "https://registry.npmjs.org/parse-bmfont-xml/-/parse-bmfont-xml-1.1.4.tgz",
      "integrity": "sha512-bjnliEOmGv3y1aMEfREMBJ9tfL3WR0i0CKPj61DnSLaoxWR3nLrsQrEbCId/8rF4NyRF0cCqisSVXyQYWM+mCQ==",
      "requires": {
        "xml-parse-from-string": "^1.0.0",
        "xml2js": "^0.4.5"
      }
    },
    "parse-headers": {
      "version": "2.0.5",
      "resolved": "https://registry.npmjs.org/parse-headers/-/parse-headers-2.0.5.tgz",
      "integrity": "sha512-ft3iAoLOB/MlwbNXgzy43SWGP6sQki2jQvAyBg/zDFAgr9bfNWZIUj42Kw2eJIl8kEi4PbgE6U1Zau/HwI75HA=="
    },
    "path-is-absolute": {
      "version": "1.0.1",
      "resolved": "https://registry.npmjs.org/path-is-absolute/-/path-is-absolute-1.0.1.tgz",
      "integrity": "sha1-F0uSaHNVNP+8es5r9TpanhtcX18="
    },
    "peek-readable": {
      "version": "4.1.0",
      "resolved": "https://registry.npmjs.org/peek-readable/-/peek-readable-4.1.0.tgz",
      "integrity": "sha512-ZI3LnwUv5nOGbQzD9c2iDG6toheuXSZP5esSHBjopsXH4dg19soufvpUGA3uohi5anFtGb2lhAVdHzH6R/Evvg=="
    },
    "pend": {
      "version": "1.2.0",
      "resolved": "https://registry.npmjs.org/pend/-/pend-1.2.0.tgz",
      "integrity": "sha1-elfrVQpng/kRUzH89GY9XI4AelA="
    },
    "phin": {
      "version": "2.9.3",
      "resolved": "https://registry.npmjs.org/phin/-/phin-2.9.3.tgz",
      "integrity": "sha512-CzFr90qM24ju5f88quFC/6qohjC144rehe5n6DH900lgXmUe86+xCKc10ev56gRKC4/BkHUoG4uSiQgBiIXwDA=="
    },
    "picomatch": {
      "version": "2.2.2",
      "resolved": "https://registry.npmjs.org/picomatch/-/picomatch-2.2.2.tgz",
      "integrity": "sha512-q0M/9eZHzmr0AulXyPwNfZjtwZ/RBZlbN3K3CErVrk50T2ASYI7Bye0EvekFY3IP1Nt2DHu0re+V2ZHIpMkuWg=="
    },
    "pixelmatch": {
      "version": "4.0.2",
      "resolved": "https://registry.npmjs.org/pixelmatch/-/pixelmatch-4.0.2.tgz",
      "integrity": "sha512-J8B6xqiO37sU/gkcMglv6h5Jbd9xNER7aHzpfRdNmV4IbQBzBpe4l9XmbG+xPF/znacgu2jfEw+wHffaq/YkXA==",
      "requires": {
        "pngjs": "^3.0.0"
      }
    },
    "pngjs": {
      "version": "3.4.0",
      "resolved": "https://registry.npmjs.org/pngjs/-/pngjs-3.4.0.tgz",
      "integrity": "sha512-NCrCHhWmnQklfH4MtJMRjZ2a8c80qXeMlQMv2uVp9ISJMTt562SbGd6n2oq0PaPgKm7Z6pL9E2UlLIhC+SHL3w=="
    },
    "process": {
      "version": "0.11.10",
      "resolved": "https://registry.npmjs.org/process/-/process-0.11.10.tgz",
      "integrity": "sha512-cdGef/drWFoydD1JsMzuFf8100nZl+GT+yacc2bEced5f9Rjk4z+WtFUTBu9PhOi9j/jfmBPu0mMEY4wIdAF8A=="
    },
    "progress": {
      "version": "2.0.3",
      "resolved": "https://registry.npmjs.org/progress/-/progress-2.0.3.tgz",
      "integrity": "sha512-7PiHtLll5LdnKIMw100I+8xJXR5gW2QwWYkT6iJva0bXitZKa/XMrSbdmg3r2Xnaidz9Qumd0VPaMrZlF9V9sA=="
    },
    "proxy-from-env": {
      "version": "1.1.0",
      "resolved": "https://registry.npmjs.org/proxy-from-env/-/proxy-from-env-1.1.0.tgz",
      "integrity": "sha512-D+zkORCbA9f1tdWRK0RaCR3GPv50cMxcrz4X8k5LTSUD1Dkw47mKJEZQNunItRTkWwgtaUSo1RVFRIG9ZXiFYg=="
    },
    "pump": {
      "version": "3.0.0",
      "resolved": "https://registry.npmjs.org/pump/-/pump-3.0.0.tgz",
      "integrity": "sha512-LwZy+p3SFs1Pytd/jYct4wpv49HiYCqd9Rlc5ZVdk0V+8Yzv6jR5Blk3TRmPL1ft69TxP0IMZGJ+WPFU2BFhww==",
      "requires": {
        "end-of-stream": "^1.1.0",
        "once": "^1.3.1"
      }
    },
    "puppeteer": {
      "version": "3.0.2",
      "resolved": "https://registry.npmjs.org/puppeteer/-/puppeteer-3.0.2.tgz",
      "integrity": "sha512-5jS/POFVDW9fqb76O8o0IBpXOnq+Na8ocGMggYtnjCRBRqmAFvX0csmwgLOHkYnQ/vCBcBPYlOq0Pp60z1850Q==",
      "requires": {
        "@types/mime-types": "^2.1.0",
        "debug": "^4.1.0",
        "extract-zip": "^2.0.0",
        "https-proxy-agent": "^4.0.0",
        "mime": "^2.0.3",
        "mime-types": "^2.1.25",
        "progress": "^2.0.1",
        "proxy-from-env": "^1.0.0",
        "rimraf": "^3.0.2",
        "tar-fs": "^2.0.0",
        "unbzip2-stream": "^1.3.3",
        "ws": "^7.2.3"
      }
    },
    "readable-stream": {
      "version": "3.6.0",
      "resolved": "https://registry.npmjs.org/readable-stream/-/readable-stream-3.6.0.tgz",
      "integrity": "sha512-BViHy7LKeTz4oNnkcLJ+lVSL6vpiFeX6/d3oSH8zCW7UxP2onchk+vTGB143xuFjHS3deTgkKoXXymXqymiIdA==",
      "requires": {
        "inherits": "^2.0.3",
        "string_decoder": "^1.1.1",
        "util-deprecate": "^1.0.1"
      }
    },
    "readable-web-to-node-stream": {
      "version": "3.0.2",
      "resolved": "https://registry.npmjs.org/readable-web-to-node-stream/-/readable-web-to-node-stream-3.0.2.tgz",
      "integrity": "sha512-ePeK6cc1EcKLEhJFt/AebMCLL+GgSKhuygrZ/GLaKZYEecIgIECf4UaUuaByiGtzckwR4ain9VzUh95T1exYGw==",
      "requires": {
        "readable-stream": "^3.6.0"
      }
    },
    "readdirp": {
      "version": "3.4.0",
      "resolved": "https://registry.npmjs.org/readdirp/-/readdirp-3.4.0.tgz",
      "integrity": "sha512-0xe001vZBnJEK+uKcj8qOhyAKPzIT+gStxWr3LCB0DwcXR5NZJ3IaC+yGnHCYzB/S7ov3m3EEbZI2zeNvX+hGQ==",
      "requires": {
        "picomatch": "^2.2.1"
      }
    },
    "regenerator-runtime": {
      "version": "0.13.11",
      "resolved": "https://registry.npmjs.org/regenerator-runtime/-/regenerator-runtime-0.13.11.tgz",
      "integrity": "sha512-kY1AZVr2Ra+t+piVaJ4gxaFaReZVH40AKNo7UCX6W+dEwBo/2oZJzqfuN1qLq1oL45o56cPaTXELwrTh8Fpggg=="
    },
    "rimraf": {
      "version": "3.0.2",
      "resolved": "https://registry.npmjs.org/rimraf/-/rimraf-3.0.2.tgz",
      "integrity": "sha512-JZkJMZkAGFFPP2YqXZXPbMlMBgsxzE8ILs4lMIX/2o0L9UBw9O/Y3o6wFw/i9YLapcUJWwqbi3kdxIPdC62TIA==",
      "requires": {
        "glob": "^7.1.3"
      }
    },
    "safe-buffer": {
      "version": "5.2.0",
      "resolved": "https://registry.npmjs.org/safe-buffer/-/safe-buffer-5.2.0.tgz",
      "integrity": "sha512-fZEwUGbVl7kouZs1jCdMLdt95hdIv0ZeHg6L7qPeciMZhZ+/gdesW4wgTARkrFWEpspjEATAzUGPG8N2jJiwbg=="
    },
    "sax": {
      "version": "1.2.4",
      "resolved": "https://registry.npmjs.org/sax/-/sax-1.2.4.tgz",
      "integrity": "sha512-NqVDv9TpANUjFm0N8uM5GxL36UgKi9/atZw+x7YFnQ8ckwFGKrl4xX4yWtrey3UJm5nP1kUbnYgLopqWNSRhWw=="
    },
    "string_decoder": {
      "version": "1.3.0",
      "resolved": "https://registry.npmjs.org/string_decoder/-/string_decoder-1.3.0.tgz",
      "integrity": "sha512-hkRX8U1WjJFd8LsDJ2yQ/wWWxaopEsABU1XfkM8A+j0+85JAGppt16cr1Whg6KIbb4okU6Mql6BOj+uup/wKeA==",
      "requires": {
        "safe-buffer": "~5.2.0"
      }
    },
    "strtok3": {
      "version": "6.3.0",
      "resolved": "https://registry.npmjs.org/strtok3/-/strtok3-6.3.0.tgz",
      "integrity": "sha512-fZtbhtvI9I48xDSywd/somNqgUHl2L2cstmXCCif0itOf96jeW18MBSyrLuNicYQVkvpOxkZtkzujiTJ9LW5Jw==",
      "requires": {
        "@tokenizer/token": "^0.3.0",
        "peek-readable": "^4.1.0"
      }
    },
    "tar-fs": {
      "version": "2.0.1",
      "resolved": "https://registry.npmjs.org/tar-fs/-/tar-fs-2.0.1.tgz",
      "integrity": "sha512-6tzWDMeroL87uF/+lin46k+Q+46rAJ0SyPGz7OW7wTgblI273hsBqk2C1j0/xNadNLKDTUL9BukSjB7cwgmlPA==",
      "requires": {
        "chownr": "^1.1.1",
        "mkdirp-classic": "^0.5.2",
        "pump": "^3.0.0",
        "tar-stream": "^2.0.0"
      }
    },
    "tar-stream": {
      "version": "2.1.2",
      "resolved": "https://registry.npmjs.org/tar-stream/-/tar-stream-2.1.2.tgz",
      "integrity": "sha512-UaF6FoJ32WqALZGOIAApXx+OdxhekNMChu6axLJR85zMMjXKWFGjbIRe+J6P4UnRGg9rAwWvbTT0oI7hD/Un7Q==",
      "requires": {
        "bl": "^4.0.1",
        "end-of-stream": "^1.4.1",
        "fs-constants": "^1.0.0",
        "inherits": "^2.0.3",
        "readable-stream": "^3.1.1"
      }
    },
    "through": {
      "version": "2.3.8",
      "resolved": "https://registry.npmjs.org/through/-/through-2.3.8.tgz",
      "integrity": "sha1-DdTJ/6q8NXlgsbckEV1+Doai4fU="
    },
    "timm": {
      "version": "1.7.1",
      "resolved": "https://registry.npmjs.org/timm/-/timm-1.7.1.tgz",
      "integrity": "sha512-IjZc9KIotudix8bMaBW6QvMuq64BrJWFs1+4V0lXwWGQZwH+LnX87doAYhem4caOEusRP9/g6jVDQmZ8XOk1nw=="
    },
    "tinycolor2": {
      "version": "1.6.0",
      "resolved": "https://registry.npmjs.org/tinycolor2/-/tinycolor2-1.6.0.tgz",
      "integrity": "sha512-XPaBkWQJdsf3pLKJV9p4qN/S+fm2Oj8AIPo1BTUhg5oxkvm9+SVEGFdhyOz7tTdUTfvxMiAs4sp6/eZO2Ew+pw=="
    },
    "to-regex-range": {
      "version": "5.0.1",
      "resolved": "https://registry.npmjs.org/to-regex-range/-/to-regex-range-5.0.1.tgz",
      "integrity": "sha512-65P7iz6X5yEr1cwcgvQxbbIw7Uk3gOy5dIdtZ4rDveLqhrdJP+Li/Hx6tyK0NEb+2GCyneCMJiGqrADCSNk8sQ==",
      "requires": {
        "is-number": "^7.0.0"
      }
    },
    "token-types": {
      "version": "4.2.1",
      "resolved": "https://registry.npmjs.org/token-types/-/token-types-4.2.1.tgz",
      "integrity": "sha512-6udB24Q737UD/SDsKAHI9FCRP7Bqc9D/MQUV02ORQg5iskjtLJlZJNdN4kKtcdtwCeWIwIHDGaUsTsCCAa8sFQ==",
      "requires": {
        "@tokenizer/token": "^0.3.0",
        "ieee754": "^1.2.1"
      },
      "dependencies": {
        "ieee754": {
          "version": "1.2.1",
          "resolved": "https://registry.npmjs.org/ieee754/-/ieee754-1.2.1.tgz",
          "integrity": "sha512-dcyqhDvX1C46lXZcVqCpK+FtMRQVdIMN6/Df5js2zouUsqG7I6sFxitIC+7KYK29KdXOLHdu9zL4sFnoVQnqaA=="
        }
      }
    },
    "tr46": {
      "version": "0.0.3",
      "resolved": "https://registry.npmjs.org/tr46/-/tr46-0.0.3.tgz",
      "integrity": "sha512-N3WMsuqV66lT30CrXNbEjx4GEwlow3v6rr4mCcv6prnfwhS01rkgyFdjPNBYd9br7LpXV1+Emh01fHnq2Gdgrw=="
    },
    "unbzip2-stream": {
      "version": "1.4.2",
      "resolved": "https://registry.npmjs.org/unbzip2-stream/-/unbzip2-stream-1.4.2.tgz",
      "integrity": "sha512-pZMVAofMrrHX6Ik39hCk470kulCbmZ2SWfQLPmTWqfJV/oUm0gn1CblvHdUu4+54Je6Jq34x8kY6XjTy6dMkOg==",
      "requires": {
        "buffer": "^5.2.1",
        "through": "^2.3.8"
      }
    },
    "utif2": {
      "version": "4.1.0",
      "resolved": "https://registry.npmjs.org/utif2/-/utif2-4.1.0.tgz",
      "integrity": "sha512-+oknB9FHrJ7oW7A2WZYajOcv4FcDR4CfoGB0dPNfxbi4GO05RRnFmt5oa23+9w32EanrYcSJWspUiJkLMs+37w==",
      "requires": {
        "pako": "^1.0.11"
      }
    },
    "util-deprecate": {
      "version": "1.0.2",
      "resolved": "https://registry.npmjs.org/util-deprecate/-/util-deprecate-1.0.2.tgz",
      "integrity": "sha1-RQ1Nyfpw3nMnYvvS1KKJgUGaDM8="
    },
    "webidl-conversions": {
      "version": "3.0.1",
      "resolved": "https://registry.npmjs.org/webidl-conversions/-/webidl-conversions-3.0.1.tgz",
      "integrity": "sha512-2JAn3z8AR6rjK8Sm8orRC0h/bcl/DqL7tRPdGZ4I1CjdF+EaMLmYxBHyXuKL849eucPFhvBoxMsflfOb8kxaeQ=="
    },
    "whatwg-fetch": {
      "version": "3.6.2",
      "resolved": "https://registry.npmjs.org/whatwg-fetch/-/whatwg-fetch-3.6.2.tgz",
      "integrity": "sha512-bJlen0FcuU/0EMLrdbJ7zOnW6ITZLrZMIarMUVmdKtsGvZna8vxKYaexICWPfZ8qwf9fzNq+UEIZrnSaApt6RA=="
    },
    "whatwg-url": {
      "version": "5.0.0",
      "resolved": "https://registry.npmjs.org/whatwg-url/-/whatwg-url-5.0.0.tgz",
      "integrity": "sha512-saE57nupxk6v3HY35+jzBwYa0rKSy0XR8JSxZPwgLr7ys0IBzhGviA1/TUGJLmSVqs8pb9AnvICXEuOHLprYTw==",
      "requires": {
        "tr46": "~0.0.3",
        "webidl-conversions": "^3.0.0"
      }
    },
    "wrappy": {
      "version": "1.0.2",
      "resolved": "https://registry.npmjs.org/wrappy/-/wrappy-1.0.2.tgz",
      "integrity": "sha1-tSQ9jz7BqjXxNkYFvA0QNuMKtp8="
    },
    "ws": {
      "version": "7.4.6",
      "resolved": "https://registry.npmjs.org/ws/-/ws-7.4.6.tgz",
      "integrity": "sha512-YmhHDO4MzaDLB+M9ym/mDA5z0naX8j7SIlT8f8z+I0VtzsRbekxEutHSme7NPS2qE8StCYQNUnfWdXta/Yu85A=="
    },
    "xhr": {
      "version": "2.6.0",
      "resolved": "https://registry.npmjs.org/xhr/-/xhr-2.6.0.tgz",
      "integrity": "sha512-/eCGLb5rxjx5e3mF1A7s+pLlR6CGyqWN91fv1JgER5mVWg1MZmlhBvy9kjcsOdRk8RrIujotWyJamfyrp+WIcA==",
      "requires": {
        "global": "~4.4.0",
        "is-function": "^1.0.1",
        "parse-headers": "^2.0.0",
        "xtend": "^4.0.0"
      }
    },
    "xml-parse-from-string": {
      "version": "1.0.1",
      "resolved": "https://registry.npmjs.org/xml-parse-from-string/-/xml-parse-from-string-1.0.1.tgz",
      "integrity": "sha512-ErcKwJTF54uRzzNMXq2X5sMIy88zJvfN2DmdoQvy7PAFJ+tPRU6ydWuOKNMyfmOjdyBQTFREi60s0Y0SyI0G0g=="
    },
    "xml2js": {
      "version": "0.4.23",
      "resolved": "https://registry.npmjs.org/xml2js/-/xml2js-0.4.23.tgz",
      "integrity": "sha512-ySPiMjM0+pLDftHgXY4By0uswI3SPKLDw/i3UXbnO8M/p28zqexCUoPmQFrYD+/1BzhGJSs2i1ERWKJAtiLrug==",
      "requires": {
        "sax": ">=0.6.0",
        "xmlbuilder": "~11.0.0"
      }
    },
    "xmlbuilder": {
      "version": "11.0.1",
      "resolved": "https://registry.npmjs.org/xmlbuilder/-/xmlbuilder-11.0.1.tgz",
      "integrity": "sha512-fDlsI/kFEx7gLvbecc0/ohLG50fugQp8ryHzMTuW9vSa1GJ0XYWKnhsUx7oie3G98+r56aTQIUB4kht42R3JvA=="
    },
    "xtend": {
      "version": "4.0.2",
      "resolved": "https://registry.npmjs.org/xtend/-/xtend-4.0.2.tgz",
      "integrity": "sha512-LKYU1iAXJXUgAXn9URjiu+MWhyUXHsvfp7mcuYm9dSUKK0/CjtrUwFAxD82/mCWbtLsGjFIad0wIsod4zrTAEQ=="
    },
    "yauzl": {
      "version": "2.10.0",
      "resolved": "https://registry.npmjs.org/yauzl/-/yauzl-2.10.0.tgz",
      "integrity": "sha1-x+sXyT4RLLEIb6bY5R+wZnt5pfk=",
      "requires": {
        "buffer-crc32": "~0.2.3",
        "fd-slicer": "~1.1.0"
      }
    }
  }
}
